
Microsoft Visual Studio Solution File, Format Version 12.00
# Visual Studio Version 17
VisualStudioVersion = 17.5.33424.131
MinimumVisualStudioVersion = 10.0.40219.1
Project("{FAE04EC0-301F-11D3-BF4B-00C04F79EFBC}") = "D14_grottaspel", "D14_grottaspel.csproj", "{B57138D7-4907-42B0-BBAC-ECC009646C71}"
EndProject
Global
	GlobalSection(SolutionConfigurationPlatforms) = preSolution
		Debug|Any CPU = Debug|Any CPU
		Release|Any CPU = Release|Any CPU
	EndGlobalSection
	GlobalSection(ProjectConfigurationPlatforms) = postSolution
		{B57138D7-4907-42B0-BBAC-ECC009646C71}.Debug|Any CPU.ActiveCfg = Debug|Any CPU
		{B57138D7-4907-42B0-BBAC-ECC009646C71}.Debug|Any CPU.Build.0 = Debug|Any CPU
		{B57138D7-4907-42B0-BBAC-ECC009646C71}.Release|Any CPU.ActiveCfg = Release|Any CPU
		{B57138D7-4907-42B0-BBAC-ECC009646C71}.Release|Any CPU.Build.0 = Release|Any CPU
	EndGlobalSection
	GlobalSection(SolutionProperties) = preSolution
		HideSolutionNode = FALSE
	EndGlobalSection
	GlobalSection(ExtensibilityGlobals) = postSolution
		SolutionGuid = {F5427250-9458-402A-8A80-26E489BFC067}
	EndGlobalSection
EndGlobal
